
Microsoft Visual Studio Solution File, Format Version 12.00
# Visual Studio Version 17
VisualStudioVersion = 17.10.35122.118
MinimumVisualStudioVersion = 10.0.40219.1
Project("{FAE04EC0-301F-11D3-BF4B-00C04F79EFBC}") = "StudentManagement", "StudentManagement\StudentManagement.csproj", "{45B2F7F7-C6EE-407C-85B7-78BDC3E108BE}"
EndProject
Project("{FAE04EC0-301F-11D3-BF4B-00C04F79EFBC}") = "DALL", "DALL\DALL.csproj", "{77B4C541-F6E8-4B70-9D71-23ABE908BE23}"
EndProject
Project("{FAE04EC0-301F-11D3-BF4B-00C04F79EFBC}") = "BALL", "BALL\BALL.csproj", "{803CB448-64E8-4C6B-8DCB-D3DC52CFB250}"
EndProject
Global
	GlobalSection(SolutionConfigurationPlatforms) = preSolution
		Debug|Any CPU = Debug|Any CPU
		Release|Any CPU = Release|Any CPU
	EndGlobalSection
	GlobalSection(ProjectConfigurationPlatforms) = postSolution
		{45B2F7F7-C6EE-407C-85B7-78BDC3E108BE}.Debug|Any CPU.ActiveCfg = Debug|Any CPU
		{45B2F7F7-C6EE-407C-85B7-78BDC3E108BE}.Debug|Any CPU.Build.0 = Debug|Any CPU
		{45B2F7F7-C6EE-407C-85B7-78BDC3E108BE}.Release|Any CPU.ActiveCfg = Release|Any CPU
		{45B2F7F7-C6EE-407C-85B7-78BDC3E108BE}.Release|Any CPU.Build.0 = Release|Any CPU
		{77B4C541-F6E8-4B70-9D71-23ABE908BE23}.Debug|Any CPU.ActiveCfg = Debug|Any CPU
		{77B4C541-F6E8-4B70-9D71-23ABE908BE23}.Debug|Any CPU.Build.0 = Debug|Any CPU
		{77B4C541-F6E8-4B70-9D71-23ABE908BE23}.Release|Any CPU.ActiveCfg = Release|Any CPU
		{77B4C541-F6E8-4B70-9D71-23ABE908BE23}.Release|Any CPU.Build.0 = Release|Any CPU
		{803CB448-64E8-4C6B-8DCB-D3DC52CFB250}.Debug|Any CPU.ActiveCfg = Debug|Any CPU
		{803CB448-64E8-4C6B-8DCB-D3DC52CFB250}.Debug|Any CPU.Build.0 = Debug|Any CPU
		{803CB448-64E8-4C6B-8DCB-D3DC52CFB250}.Release|Any CPU.ActiveCfg = Release|Any CPU
		{803CB448-64E8-4C6B-8DCB-D3DC52CFB250}.Release|Any CPU.Build.0 = Release|Any CPU
	EndGlobalSection
	GlobalSection(SolutionProperties) = preSolution
		HideSolutionNode = FALSE
	EndGlobalSection
	GlobalSection(ExtensibilityGlobals) = postSolution
		SolutionGuid = {E8A74682-C69B-4818-8474-520B7D023D48}
	EndGlobalSection
EndGlobal
